// !$*UTF8*$!
{
	archiveVersion = 1;
	classes = {
	};
	objectVersion = 56;
	objects = {

/* Begin PBXBuildFile section */
		9B0285282BAC247A00920AD5 /* landmarkData.json in Resources */ = {isa = PBXBuildFile; fileRef = 9B0285272BAC247A00920AD5 /* landmarkData.json */; };
		9B0FDDDA2BABDAC300D4343A /* LandmarksApp.swift in Sources */ = {isa = PBXBuildFile; fileRef = 9B0FDDD92BABDAC300D4343A /* LandmarksApp.swift */; };
		9B0FDDDC2BABDAC300D4343A /* ContentView.swift in Sources */ = {isa = PBXBuildFile; fileRef = 9B0FDDDB2BABDAC300D4343A /* ContentView.swift */; };
		9B0FDDDE2BABDAC400D4343A /* Assets.xcassets in Resources */ = {isa = PBXBuildFile; fileRef = 9B0FDDDD2BABDAC400D4343A /* Assets.xcassets */; };
		9B0FDDE12BABDAC400D4343A /* Preview Assets.xcassets in Resources */ = {isa = PBXBuildFile; fileRef = 9B0FDDE02BABDAC400D4343A /* Preview Assets.xcassets */; };
		9B0FDDEB2BABDAC400D4343A /* LandmarksTests.swift in Sources */ = {isa = PBXBuildFile; fileRef = 9B0FDDEA2BABDAC400D4343A /* LandmarksTests.swift */; };
		9B0FDDF52BABDAC400D4343A /* LandmarksUITests.swift in Sources */ = {isa = PBXBuildFile; fileRef = 9B0FDDF42BABDAC400D4343A /* LandmarksUITests.swift */; };
		9B0FDDF72BABDAC400D4343A /* LandmarksUITestsLaunchTests.swift in Sources */ = {isa = PBXBuildFile; fileRef = 9B0FDDF62BABDAC400D4343A /* LandmarksUITestsLaunchTests.swift */; };
		9B5FF8DC2BAC5EC00018E520 /* Landmark.swift in Sources */ = {isa = PBXBuildFile; fileRef = 9B5FF8DB2BAC5EC00018E520 /* Landmark.swift */; };
		9B5FF8E02BAC61AF0018E520 /* ModelData.swift in Sources */ = {isa = PBXBuildFile; fileRef = 9B5FF8DF2BAC61AF0018E520 /* ModelData.swift */; };
		9B5FF8E52BAC632D0018E520 /* LandmarkRow.swift in Sources */ = {isa = PBXBuildFile; fileRef = 9B5FF8E42BAC632D0018E520 /* LandmarkRow.swift */; };
		9B5FF8E72BAC66570018E520 /* LandmarkList.swift in Sources */ = {isa = PBXBuildFile; fileRef = 9B5FF8E62BAC66570018E520 /* LandmarkList.swift */; };
		9BF5DC822BAC0DFA0031165C /* CircleImage.swift in Sources */ = {isa = PBXBuildFile; fileRef = 9BF5DC812BAC0DFA0031165C /* CircleImage.swift */; };
		9BF5DC842BAC119A0031165C /* MapView.swift in Sources */ = {isa = PBXBuildFile; fileRef = 9BF5DC832BAC119A0031165C /* MapView.swift */; };
/* End PBXBuildFile section */

/* Begin PBXContainerItemProxy section */
		9B0FDDE72BABDAC400D4343A /* PBXContainerItemProxy */ = {
			isa = PBXContainerItemProxy;
			containerPortal = 9B0FDDCE2BABDAC300D4343A /* Project object */;
			proxyType = 1;
			remoteGlobalIDString = 9B0FDDD52BABDAC300D4343A;
			remoteInfo = Landmarks;
		};
		9B0FDDF12BABDAC400D4343A /* PBXContainerItemProxy */ = {
			isa = PBXContainerItemProxy;
			containerPortal = 9B0FDDCE2BABDAC300D4343A /* Project object */;
			proxyType = 1;
			remoteGlobalIDString = 9B0FDDD52BABDAC300D4343A;
			remoteInfo = Landmarks;
		};
/* End PBXContainerItemProxy section */

/* Begin PBXFileReference section */
		9B0285272BAC247A00920AD5 /* landmarkData.json */ = {isa = PBXFileReference; fileEncoding = 4; lastKnownFileType = text.json; path = landmarkData.json; sourceTree = "<group>"; };
		9B0FDDD62BABDAC300D4343A /* Landmarks.app */ = {isa = PBXFileReference; explicitFileType = wrapper.application; includeInIndex = 0; path = Landmarks.app; sourceTree = BUILT_PRODUCTS_DIR; };
		9B0FDDD92BABDAC300D4343A /* LandmarksApp.swift */ = {isa = PBXFileReference; lastKnownFileType = sourcecode.swift; path = LandmarksApp.swift; sourceTree = "<group>"; };
		9B0FDDDB2BABDAC300D4343A /* ContentView.swift */ = {isa = PBXFileReference; lastKnownFileType = sourcecode.swift; path = ContentView.swift; sourceTree = "<group>"; };
		9B0FDDDD2BABDAC400D4343A /* Assets.xcassets */ = {isa = PBXFileReference; lastKnownFileType = folder.assetcatalog; path = Assets.xcassets; sourceTree = "<group>"; };
		9B0FDDE02BABDAC400D4343A /* Preview Assets.xcassets */ = {isa = PBXFileReference; lastKnownFileType = folder.assetcatalog; path = "Preview Assets.xcassets"; sourceTree = "<group>"; };
		9B0FDDE62BABDAC400D4343A /* LandmarksTests.xctest */ = {isa = PBXFileReference; explicitFileType = wrapper.cfbundle; includeInIndex = 0; path = LandmarksTests.xctest; sourceTree = BUILT_PRODUCTS_DIR; };
		9B0FDDEA2BABDAC400D4343A /* LandmarksTests.swift */ = {isa = PBXFileReference; lastKnownFileType = sourcecode.swift; path = LandmarksTests.swift; sourceTree = "<group>"; };
		9B0FDDF02BABDAC400D4343A /* LandmarksUITests.xctest */ = {isa = PBXFileReference; explicitFileType = wrapper.cfbundle; includeInIndex = 0; path = LandmarksUITests.xctest; sourceTree = BUILT_PRODUCTS_DIR; };
		9B0FDDF42BABDAC400D4343A /* LandmarksUITests.swift */ = {isa = PBXFileReference; lastKnownFileType = sourcecode.swift; path = LandmarksUITests.swift; sourceTree = "<group>"; };
		9B0FDDF62BABDAC400D4343A /* LandmarksUITestsLaunchTests.swift */ = {isa = PBXFileReference; lastKnownFileType = sourcecode.swift; path = LandmarksUITestsLaunchTests.swift; sourceTree = "<group>"; };
		9B5FF8DB2BAC5EC00018E520 /* Landmark.swift */ = {isa = PBXFileReference; lastKnownFileType = sourcecode.swift; path = Landmark.swift; sourceTree = "<group>"; };
		9B5FF8DF2BAC61AF0018E520 /* ModelData.swift */ = {isa = PBXFileReference; lastKnownFileType = sourcecode.swift; path = ModelData.swift; sourceTree = "<group>"; };
		9B5FF8E42BAC632D0018E520 /* LandmarkRow.swift */ = {isa = PBXFileReference; lastKnownFileType = sourcecode.swift; path = LandmarkRow.swift; sourceTree = "<group>"; };
		9B5FF8E62BAC66570018E520 /* LandmarkList.swift */ = {isa = PBXFileReference; lastKnownFileType = sourcecode.swift; path = LandmarkList.swift; sourceTree = "<group>"; };
		9BF5DC812BAC0DFA0031165C /* CircleImage.swift */ = {isa = PBXFileReference; lastKnownFileType = sourcecode.swift; path = CircleImage.swift; sourceTree = "<group>"; };
		9BF5DC832BAC119A0031165C /* MapView.swift */ = {isa = PBXFileReference; lastKnownFileType = sourcecode.swift; path = MapView.swift; sourceTree = "<group>"; };
/* End PBXFileReference section */

/* Begin PBXFrameworksBuildPhase section */
		9B0FDDD32BABDAC300D4343A /* Frameworks */ = {
			isa = PBXFrameworksBuildPhase;
			buildActionMask = 2147483647;
			files = (
			);
			runOnlyForDeploymentPostprocessing = 0;
		};
		9B0FDDE32BABDAC400D4343A /* Frameworks */ = {
			isa = PBXFrameworksBuildPhase;
			buildActionMask = 2147483647;
			files = (
			);
			runOnlyForDeploymentPostprocessing = 0;
		};
		9B0FDDED2BABDAC400D4343A /* Frameworks */ = {
			isa = PBXFrameworksBuildPhase;
			buildActionMask = 2147483647;
			files = (
			);
			runOnlyForDeploymentPostprocessing = 0;
		};
/* End PBXFrameworksBuildPhase section */

/* Begin PBXGroup section */
		9B0FDDCD2BABDAC300D4343A = {
			isa = PBXGroup;
			children = (
				9B0FDDD82BABDAC300D4343A /* Landmarks */,
				9B0FDDE92BABDAC400D4343A /* LandmarksTests */,
				9B0FDDF32BABDAC400D4343A /* LandmarksUITests */,
				9B0FDDD72BABDAC300D4343A /* Products */,
			);
			sourceTree = "<group>";
		};
		9B0FDDD72BABDAC300D4343A /* Products */ = {
			isa = PBXGroup;
			children = (
				9B0FDDD62BABDAC300D4343A /* Landmarks.app */,
				9B0FDDE62BABDAC400D4343A /* LandmarksTests.xctest */,
				9B0FDDF02BABDAC400D4343A /* LandmarksUITests.xctest */,
			);
			name = Products;
			sourceTree = "<group>";
		};
		9B0FDDD82BABDAC300D4343A /* Landmarks */ = {
			isa = PBXGroup;
			children = (
				9B0FDDD92BABDAC300D4343A /* LandmarksApp.swift */,
				9B5FF8E32BAC62C20018E520 /* Resources */,
				9B5FF8E12BAC62720018E520 /* Views */,
				9B5FF8E22BAC629F0018E520 /* Model */,
				9B0FDDDD2BABDAC400D4343A /* Assets.xcassets */,
				9B0FDDDF2BABDAC400D4343A /* Preview Content */,
			);
			path = Landmarks;
			sourceTree = "<group>";
		};
		9B0FDDDF2BABDAC400D4343A /* Preview Content */ = {
			isa = PBXGroup;
			children = (
				9B0FDDE02BABDAC400D4343A /* Preview Assets.xcassets */,
			);
			path = "Preview Content";
			sourceTree = "<group>";
		};
		9B0FDDE92BABDAC400D4343A /* LandmarksTests */ = {
			isa = PBXGroup;
			children = (
				9B0FDDEA2BABDAC400D4343A /* LandmarksTests.swift */,
			);
			path = LandmarksTests;
			sourceTree = "<group>";
		};
		9B0FDDF32BABDAC400D4343A /* LandmarksUITests */ = {
			isa = PBXGroup;
			children = (
				9B0FDDF42BABDAC400D4343A /* LandmarksUITests.swift */,
				9B0FDDF62BABDAC400D4343A /* LandmarksUITestsLaunchTests.swift */,
			);
			path = LandmarksUITests;
			sourceTree = "<group>";
		};
		9B5FF8E12BAC62720018E520 /* Views */ = {
			isa = PBXGroup;
			children = (
				9BF5DC832BAC119A0031165C /* MapView.swift */,
				9BF5DC812BAC0DFA0031165C /* CircleImage.swift */,
				9B0FDDDB2BABDAC300D4343A /* ContentView.swift */,
				9B5FF8E42BAC632D0018E520 /* LandmarkRow.swift */,
				9B5FF8E62BAC66570018E520 /* LandmarkList.swift */,
			);
			path = Views;
			sourceTree = "<group>";
		};
		9B5FF8E22BAC629F0018E520 /* Model */ = {
			isa = PBXGroup;
			children = (
				9B5FF8DF2BAC61AF0018E520 /* ModelData.swift */,
				9B5FF8DB2BAC5EC00018E520 /* Landmark.swift */,
			);
			path = Model;
			sourceTree = "<group>";
		};
		9B5FF8E32BAC62C20018E520 /* Resources */ = {
			isa = PBXGroup;
			children = (
				9B0285272BAC247A00920AD5 /* landmarkData.json */,
			);
			path = Resources;
			sourceTree = "<group>";
		};
/* End PBXGroup section */

/* Begin PBXNativeTarget section */
		9B0FDDD52BABDAC300D4343A /* Landmarks */ = {
			isa = PBXNativeTarget;
			buildConfigurationList = 9B0FDDFA2BABDAC400D4343A /* Build configuration list for PBXNativeTarget "Landmarks" */;
			buildPhases = (
				9B0FDDD22BABDAC300D4343A /* Sources */,
				9B0FDDD32BABDAC300D4343A /* Frameworks */,
				9B0FDDD42BABDAC300D4343A /* Resources */,
			);
			buildRules = (
			);
			dependencies = (
			);
			name = Landmarks;
			productName = Landmarks;
			productReference = 9B0FDDD62BABDAC300D4343A /* Landmarks.app */;
			productType = "com.apple.product-type.application";
		};
		9B0FDDE52BABDAC400D4343A /* LandmarksTests */ = {
			isa = PBXNativeTarget;
			buildConfigurationList = 9B0FDDFD2BABDAC400D4343A /* Build configuration list for PBXNativeTarget "LandmarksTests" */;
			buildPhases = (
				9B0FDDE22BABDAC400D4343A /* Sources */,
				9B0FDDE32BABDAC400D4343A /* Frameworks */,
				9B0FDDE42BABDAC400D4343A /* Resources */,
			);
			buildRules = (
			);
			dependencies = (
				9B0FDDE82BABDAC400D4343A /* PBXTargetDependency */,
			);
			name = LandmarksTests;
			productName = LandmarksTests;
			productReference = 9B0FDDE62BABDAC400D4343A /* LandmarksTests.xctest */;
			productType = "com.apple.product-type.bundle.unit-test";
		};
		9B0FDDEF2BABDAC400D4343A /* LandmarksUITests */ = {
			isa = PBXNativeTarget;
			buildConfigurationList = 9B0FDE002BABDAC400D4343A /* Build configuration list for PBXNativeTarget "LandmarksUITests" */;
			buildPhases = (
				9B0FDDEC2BABDAC400D4343A /* Sources */,
				9B0FDDED2BABDAC400D4343A /* Frameworks */,
				9B0FDDEE2BABDAC400D4343A /* Resources */,
			);
			buildRules = (
			);
			dependencies = (
				9B0FDDF22BABDAC400D4343A /* PBXTargetDependency */,
			);
			name = LandmarksUITests;
			productName = LandmarksUITests;
			productReference = 9B0FDDF02BABDAC400D4343A /* LandmarksUITests.xctest */;
			productType = "com.apple.product-type.bundle.ui-testing";
		};
/* End PBXNativeTarget section */

/* Begin PBXProject section */
		9B0FDDCE2BABDAC300D4343A /* Project object */ = {
			isa = PBXProject;
			attributes = {
				BuildIndependentTargetsInParallel = 1;
				LastSwiftUpdateCheck = 1520;
				LastUpgradeCheck = 1520;
				TargetAttributes = {
					9B0FDDD52BABDAC300D4343A = {
						CreatedOnToolsVersion = 15.2;
					};
					9B0FDDE52BABDAC400D4343A = {
						CreatedOnToolsVersion = 15.2;
						TestTargetID = 9B0FDDD52BABDAC300D4343A;
					};
					9B0FDDEF2BABDAC400D4343A = {
						CreatedOnToolsVersion = 15.2;
						TestTargetID = 9B0FDDD52BABDAC300D4343A;
					};
				};
			};
			buildConfigurationList = 9B0FDDD12BABDAC300D4343A /* Build configuration list for PBXProject "Landmarks" */;
			compatibilityVersion = "Xcode 14.0";
			developmentRegion = en;
			hasScannedForEncodings = 0;
			knownRegions = (
				en,
				Base,
			);
			mainGroup = 9B0FDDCD2BABDAC300D4343A;
			productRefGroup = 9B0FDDD72BABDAC300D4343A /* Products */;
			projectDirPath = "";
			projectRoot = "";
			targets = (
				9B0FDDD52BABDAC300D4343A /* Landmarks */,
				9B0FDDE52BABDAC400D4343A /* LandmarksTests */,
				9B0FDDEF2BABDAC400D4343A /* LandmarksUITests */,
			);
		};
/* End PBXProject section */

/* Begin PBXResourcesBuildPhase section */
		9B0FDDD42BABDAC300D4343A /* Resources */ = {
			isa = PBXResourcesBuildPhase;
			buildActionMask = 2147483647;
			files = (
				9B0FDDE12BABDAC400D4343A /* Preview Assets.xcassets in Resources */,
				9B0FDDDE2BABDAC400D4343A /* Assets.xcassets in Resources */,
				9B0285282BAC247A00920AD5 /* landmarkData.json in Resources */,
			);
			runOnlyForDeploymentPostprocessing = 0;
		};
		9B0FDDE42BABDAC400D4343A /* Resources */ = {
			isa = PBXResourcesBuildPhase;
			buildActionMask = 2147483647;
			files = (
			);
			runOnlyForDeploymentPostprocessing = 0;
		};
		9B0FDDEE2BABDAC400D4343A /* Resources */ = {
			isa = PBXResourcesBuildPhase;
			buildActionMask = 2147483647;
			files = (
			);
			runOnlyForDeploymentPostprocessing = 0;
		};
/* End PBXResourcesBuildPhase section */

/* Begin PBXSourcesBuildPhase section */
		9B0FDDD22BABDAC300D4343A /* Sources */ = {
			isa = PBXSourcesBuildPhase;
			buildActionMask = 2147483647;
			files = (
				9B0FDDDC2BABDAC300D4343A /* ContentView.swift in Sources */,
				9BF5DC842BAC119A0031165C /* MapView.swift in Sources */,
				9B0FDDDA2BABDAC300D4343A /* LandmarksApp.swift in Sources */,
				9B5FF8E72BAC66570018E520 /* LandmarkList.swift in Sources */,
				9BF5DC822BAC0DFA0031165C /* CircleImage.swift in Sources */,
				9B5FF8DC2BAC5EC00018E520 /* Landmark.swift in Sources */,
				9B5FF8E52BAC632D0018E520 /* LandmarkRow.swift in Sources */,
				9B5FF8E02BAC61AF0018E520 /* ModelData.swift in Sources */,
			);
			runOnlyForDeploymentPostprocessing = 0;
		};
		9B0FDDE22BABDAC400D4343A /* Sources */ = {
			isa = PBXSourcesBuildPhase;
			buildActionMask = 2147483647;
			files = (
				9B0FDDEB2BABDAC400D4343A /* LandmarksTests.swift in Sources */,
			);
			runOnlyForDeploymentPostprocessing = 0;
		};
		9B0FDDEC2BABDAC400D4343A /* Sources */ = {
			isa = PBXSourcesBuildPhase;
			buildActionMask = 2147483647;
			files = (
				9B0FDDF72BABDAC400D4343A /* LandmarksUITestsLaunchTests.swift in Sources */,
				9B0FDDF52BABDAC400D4343A /* LandmarksUITests.swift in Sources */,
			);
			runOnlyForDeploymentPostprocessing = 0;
		};
/* End PBXSourcesBuildPhase section */

/* Begin PBXTargetDependency section */
		9B0FDDE82BABDAC400D4343A /* PBXTargetDependency */ = {
			isa = PBXTargetDependency;
			target = 9B0FDDD52BABDAC300D4343A /* Landmarks */;
			targetProxy = 9B0FDDE72BABDAC400D4343A /* PBXContainerItemProxy */;
		};
		9B0FDDF22BABDAC400D4343A /* PBXTargetDependency */ = {
			isa = PBXTargetDependency;
			target = 9B0FDDD52BABDAC300D4343A /* Landmarks */;
			targetProxy = 9B0FDDF12BABDAC400D4343A /* PBXContainerItemProxy */;
		};
/* End PBXTargetDependency section */

/* Begin XCBuildConfiguration section */
		9B0FDDF82BABDAC400D4343A /* Debug */ = {
			isa = XCBuildConfiguration;
			buildSettings = {
				ALWAYS_SEARCH_USER_PATHS = NO;
				ASSETCATALOG_COMPILER_GENERATE_SWIFT_ASSET_SYMBOL_EXTENSIONS = YES;
				CLANG_ANALYZER_NONNULL = YES;
				CLANG_ANALYZER_NUMBER_OBJECT_CONVERSION = YES_AGGRESSIVE;
				CLANG_CXX_LANGUAGE_STANDARD = "gnu++20";
				CLANG_ENABLE_MODULES = YES;
				CLANG_ENABLE_OBJC_ARC = YES;
				CLANG_ENABLE_OBJC_WEAK = YES;
				CLANG_WARN_BLOCK_CAPTURE_AUTORELEASING = YES;
				CLANG_WARN_BOOL_CONVERSION = YES;
				CLANG_WARN_COMMA = YES;
				CLANG_WARN_CONSTANT_CONVERSION = YES;
				CLANG_WARN_DEPRECATED_OBJC_IMPLEMENTATIONS = YES;
				CLANG_WARN_DIRECT_OBJC_ISA_USAGE = YES_ERROR;
				CLANG_WARN_DOCUMENTATION_COMMENTS = YES;
				CLANG_WARN_EMPTY_BODY = YES;
				CLANG_WARN_ENUM_CONVERSION = YES;
				CLANG_WARN_INFINITE_RECURSION = YES;
				CLANG_WARN_INT_CONVERSION = YES;
				CLANG_WARN_NON_LITERAL_NULL_CONVERSION = YES;
				CLANG_WARN_OBJC_IMPLICIT_RETAIN_SELF = YES;
				CLANG_WARN_OBJC_LITERAL_CONVERSION = YES;
				CLANG_WARN_OBJC_ROOT_CLASS = YES_ERROR;
				CLANG_WARN_QUOTED_INCLUDE_IN_FRAMEWORK_HEADER = YES;
				CLANG_WARN_RANGE_LOOP_ANALYSIS = YES;
				CLANG_WARN_STRICT_PROTOTYPES = YES;
				CLANG_WARN_SUSPICIOUS_MOVE = YES;
				CLANG_WARN_UNGUARDED_AVAILABILITY = YES_AGGRESSIVE;
				CLANG_WARN_UNREACHABLE_CODE = YES;
				CLANG_WARN__DUPLICATE_METHOD_MATCH = YES;
				COPY_PHASE_STRIP = NO;
				DEBUG_INFORMATION_FORMAT = dwarf;
				ENABLE_STRICT_OBJC_MSGSEND = YES;
				ENABLE_TESTABILITY = YES;
				ENABLE_USER_SCRIPT_SANDBOXING = YES;
				GCC_C_LANGUAGE_STANDARD = gnu17;
				GCC_DYNAMIC_NO_PIC = NO;
				GCC_NO_COMMON_BLOCKS = YES;
				GCC_OPTIMIZATION_LEVEL = 0;
				GCC_PREPROCESSOR_DEFINITIONS = (
					"DEBUG=1",
					"$(inherited)",
				);
				GCC_WARN_64_TO_32_BIT_CONVERSION = YES;
				GCC_WARN_ABOUT_RETURN_TYPE = YES_ERROR;
				GCC_WARN_UNDECLARED_SELECTOR = YES;
				GCC_WARN_UNINITIALIZED_AUTOS = YES_AGGRESSIVE;
				GCC_WARN_UNUSED_FUNCTION = YES;
				GCC_WARN_UNUSED_VARIABLE = YES;
				IPHONEOS_DEPLOYMENT_TARGET = 17.2;
				LOCALIZATION_PREFERS_STRING_CATALOGS = YES;
				MTL_ENABLE_DEBUG_INFO = INCLUDE_SOURCE;
				MTL_FAST_MATH = YES;
				ONLY_ACTIVE_ARCH = YES;
				SDKROOT = iphoneos;
				SWIFT_ACTIVE_COMPILATION_CONDITIONS = "DEBUG $(inherited)";
				SWIFT_OPTIMIZATION_LEVEL = "-Onone";
			};
			name = Debug;
		};
		9B0FDDF92BABDAC400D4343A /* Release */ = {
			isa = XCBuildConfiguration;
			buildSettings = {
				ALWAYS_SEARCH_USER_PATHS = NO;
				ASSETCATALOG_COMPILER_GENERATE_SWIFT_ASSET_SYMBOL_EXTENSIONS = YES;
				CLANG_ANALYZER_NONNULL = YES;
				CLANG_ANALYZER_NUMBER_OBJECT_CONVERSION = YES_AGGRESSIVE;
				CLANG_CXX_LANGUAGE_STANDARD = "gnu++20";
				CLANG_ENABLE_MODULES = YES;
				CLANG_ENABLE_OBJC_ARC = YES;
				CLANG_ENABLE_OBJC_WEAK = YES;
				CLANG_WARN_BLOCK_CAPTURE_AUTORELEASING = YES;
				CLANG_WARN_BOOL_CONVERSION = YES;
				CLANG_WARN_COMMA = YES;
				CLANG_WARN_CONSTANT_CONVERSION = YES;
				CLANG_WARN_DEPRECATED_OBJC_IMPLEMENTATIONS = YES;
				CLANG_WARN_DIRECT_OBJC_ISA_USAGE = YES_ERROR;
				CLANG_WARN_DOCUMENTATION_COMMENTS = YES;
				CLANG_WARN_EMPTY_BODY = YES;
				CLANG_WARN_ENUM_CONVERSION = YES;
				CLANG_WARN_INFINITE_RECURSION = YES;
				CLANG_WARN_INT_CONVERSION = YES;
				CLANG_WARN_NON_LITERAL_NULL_CONVERSION = YES;
				CLANG_WARN_OBJC_IMPLICIT_RETAIN_SELF = YES;
				CLANG_WARN_OBJC_LITERAL_CONVERSION = YES;
				CLANG_WARN_OBJC_ROOT_CLASS = YES_ERROR;
				CLANG_WARN_QUOTED_INCLUDE_IN_FRAMEWORK_HEADER = YES;
				CLANG_WARN_RANGE_LOOP_ANALYSIS = YES;
				CLANG_WARN_STRICT_PROTOTYPES = YES;
				CLANG_WARN_SUSPICIOUS_MOVE = YES;
				CLANG_WARN_UNGUARDED_AVAILABILITY = YES_AGGRESSIVE;
				CLANG_WARN_UNREACHABLE_CODE = YES;
				CLANG_WARN__DUPLICATE_METHOD_MATCH = YES;
				COPY_PHASE_STRIP = NO;
				DEBUG_INFORMATION_FORMAT = "dwarf-with-dsym";
				ENABLE_NS_ASSERTIONS = NO;
				ENABLE_STRICT_OBJC_MSGSEND = YES;
				ENABLE_USER_SCRIPT_SANDBOXING = YES;
				GCC_C_LANGUAGE_STANDARD = gnu17;
				GCC_NO_COMMON_BLOCKS = YES;
				GCC_WARN_64_TO_32_BIT_CONVERSION = YES;
				GCC_WARN_ABOUT_RETURN_TYPE = YES_ERROR;
				GCC_WARN_UNDECLARED_SELECTOR = YES;
				GCC_WARN_UNINITIALIZED_AUTOS = YES_AGGRESSIVE;
				GCC_WARN_UNUSED_FUNCTION = YES;
				GCC_WARN_UNUSED_VARIABLE = YES;
				IPHONEOS_DEPLOYMENT_TARGET = 17.2;
				LOCALIZATION_PREFERS_STRING_CATALOGS = YES;
				MTL_ENABLE_DEBUG_INFO = NO;
				MTL_FAST_MATH = YES;
				SDKROOT = iphoneos;
				SWIFT_COMPILATION_MODE = wholemodule;
				VALIDATE_PRODUCT = YES;
			};
			name = Release;
		};
		9B0FDDFB2BABDAC400D4343A /* Debug */ = {
			isa = XCBuildConfiguration;
			buildSettings = {
				ASSETCATALOG_COMPILER_APPICON_NAME = AppIcon;
				ASSETCATALOG_COMPILER_GLOBAL_ACCENT_COLOR_NAME = AccentColor;
				CODE_SIGN_STYLE = Automatic;
				CURRENT_PROJECT_VERSION = 1;
				DEVELOPMENT_ASSET_PATHS = "\"Landmarks/Preview Content\"";
				ENABLE_PREVIEWS = YES;
				GENERATE_INFOPLIST_FILE = YES;
				INFOPLIST_KEY_UIApplicationSceneManifest_Generation = YES;
				INFOPLIST_KEY_UIApplicationSupportsIndirectInputEvents = YES;
				INFOPLIST_KEY_UILaunchScreen_Generation = YES;
				INFOPLIST_KEY_UISupportedInterfaceOrientations_iPad = "UIInterfaceOrientationPortrait UIInterfaceOrientationPortraitUpsideDown UIInterfaceOrientationLandscapeLeft UIInterfaceOrientationLandscapeRight";
				INFOPLIST_KEY_UISupportedInterfaceOrientations_iPhone = "UIInterfaceOrientationPortrait UIInterfaceOrientationLandscapeLeft UIInterfaceOrientationLandscapeRight";
				LD_RUNPATH_SEARCH_PATHS = (
					"$(inherited)",
					"@executable_path/Frameworks",
				);
				MARKETING_VERSION = 1.0;
				PRODUCT_BUNDLE_IDENTIFIER = Groo.Landmarks;
				PRODUCT_NAME = "$(TARGET_NAME)";
				SWIFT_EMIT_LOC_STRINGS = YES;
				SWIFT_VERSION = 5.0;
				TARGETED_DEVICE_FAMILY = "1,2";
			};
			name = Debug;
		};
		9B0FDDFC2BABDAC400D4343A /* Release */ = {
			isa = XCBuildConfiguration;
			buildSettings = {
				ASSETCATALOG_COMPILER_APPICON_NAME = AppIcon;
				ASSETCATALOG_COMPILER_GLOBAL_ACCENT_COLOR_NAME = AccentColor;
				CODE_SIGN_STYLE = Automatic;
				CURRENT_PROJECT_VERSION = 1;
				DEVELOPMENT_ASSET_PATHS = "\"Landmarks/Preview Content\"";
				ENABLE_PREVIEWS = YES;
				GENERATE_INFOPLIST_FILE = YES;
				INFOPLIST_KEY_UIApplicationSceneManifest_Generation = YES;
				INFOPLIST_KEY_UIApplicationSupportsIndirectInputEvents = YES;
				INFOPLIST_KEY_UILaunchScreen_Generation = YES;
				INFOPLIST_KEY_UISupportedInterfaceOrientations_iPad = "UIInterfaceOrientationPortrait UIInterfaceOrientationPortraitUpsideDown UIInterfaceOrientationLandscapeLeft UIInterfaceOrientationLandscapeRight";
				INFOPLIST_KEY_UISupportedInterfaceOrientations_iPhone = "UIInterfaceOrientationPortrait UIInterfaceOrientationLandscapeLeft UIInterfaceOrientationLandscapeRight";
				LD_RUNPATH_SEARCH_PATHS = (
					"$(inherited)",
					"@executable_path/Frameworks",
				);
				MARKETING_VERSION = 1.0;
				PRODUCT_BUNDLE_IDENTIFIER = Groo.Landmarks;
				PRODUCT_NAME = "$(TARGET_NAME)";
				SWIFT_EMIT_LOC_STRINGS = YES;
				SWIFT_VERSION = 5.0;
				TARGETED_DEVICE_FAMILY = "1,2";
			};
			name = Release;
		};
		9B0FDDFE2BABDAC400D4343A /* Debug */ = {
			isa = XCBuildConfiguration;
			buildSettings = {
				ALWAYS_EMBED_SWIFT_STANDARD_LIBRARIES = YES;
				BUNDLE_LOADER = "$(TEST_HOST)";
				CODE_SIGN_STYLE = Automatic;
				CURRENT_PROJECT_VERSION = 1;
				GENERATE_INFOPLIST_FILE = YES;
				IPHONEOS_DEPLOYMENT_TARGET = 17.2;
				MARKETING_VERSION = 1.0;
				PRODUCT_BUNDLE_IDENTIFIER = Groo.LandmarksTests;
				PRODUCT_NAME = "$(TARGET_NAME)";
				SWIFT_EMIT_LOC_STRINGS = NO;
				SWIFT_VERSION = 5.0;
				TARGETED_DEVICE_FAMILY = "1,2";
				TEST_HOST = "$(BUILT_PRODUCTS_DIR)/Landmarks.app/$(BUNDLE_EXECUTABLE_FOLDER_PATH)/Landmarks";
			};
			name = Debug;
		};
		9B0FDDFF2BABDAC400D4343A /* Release */ = {
			isa = XCBuildConfiguration;
			buildSettings = {
				ALWAYS_EMBED_SWIFT_STANDARD_LIBRARIES = YES;
				BUNDLE_LOADER = "$(TEST_HOST)";
				CODE_SIGN_STYLE = Automatic;
				CURRENT_PROJECT_VERSION = 1;
				GENERATE_INFOPLIST_FILE = YES;
				IPHONEOS_DEPLOYMENT_TARGET = 17.2;
				MARKETING_VERSION = 1.0;
				PRODUCT_BUNDLE_IDENTIFIER = Groo.LandmarksTests;
				PRODUCT_NAME = "$(TARGET_NAME)";
				SWIFT_EMIT_LOC_STRINGS = NO;
				SWIFT_VERSION = 5.0;
				TARGETED_DEVICE_FAMILY = "1,2";
				TEST_HOST = "$(BUILT_PRODUCTS_DIR)/Landmarks.app/$(BUNDLE_EXECUTABLE_FOLDER_PATH)/Landmarks";
			};
			name = Release;
		};
		9B0FDE012BABDAC400D4343A /* Debug */ = {
			isa = XCBuildConfiguration;
			buildSettings = {
				ALWAYS_EMBED_SWIFT_STANDARD_LIBRARIES = YES;
				CODE_SIGN_STYLE = Automatic;
				CURRENT_PROJECT_VERSION = 1;
				GENERATE_INFOPLIST_FILE = YES;
				MARKETING_VERSION = 1.0;
				PRODUCT_BUNDLE_IDENTIFIER = Groo.LandmarksUITests;
				PRODUCT_NAME = "$(TARGET_NAME)";
				SWIFT_EMIT_LOC_STRINGS = NO;
				SWIFT_VERSION = 5.0;
				TARGETED_DEVICE_FAMILY = "1,2";
				TEST_TARGET_NAME = Landmarks;
			};
			name = Debug;
		};
		9B0FDE022BABDAC400D4343A /* Release */ = {
			isa = XCBuildConfiguration;
			buildSettings = {
				ALWAYS_EMBED_SWIFT_STANDARD_LIBRARIES = YES;
				CODE_SIGN_STYLE = Automatic;
				CURRENT_PROJECT_VERSION = 1;
				GENERATE_INFOPLIST_FILE = YES;
				MARKETING_VERSION = 1.0;
				PRODUCT_BUNDLE_IDENTIFIER = Groo.LandmarksUITests;
				PRODUCT_NAME = "$(TARGET_NAME)";
				SWIFT_EMIT_LOC_STRINGS = NO;
				SWIFT_VERSION = 5.0;
				TARGETED_DEVICE_FAMILY = "1,2";
				TEST_TARGET_NAME = Landmarks;
			};
			name = Release;
		};
/* End XCBuildConfiguration section */

/* Begin XCConfigurationList section */
		9B0FDDD12BABDAC300D4343A /* Build configuration list for PBXProject "Landmarks" */ = {
			isa = XCConfigurationList;
			buildConfigurations = (
				9B0FDDF82BABDAC400D4343A /* Debug */,
				9B0FDDF92BABDAC400D4343A /* Release */,
			);
			defaultConfigurationIsVisible = 0;
			defaultConfigurationName = Release;
		};
		9B0FDDFA2BABDAC400D4343A /* Build configuration list for PBXNativeTarget "Landmarks" */ = {
			isa = XCConfigurationList;
			buildConfigurations = (
				9B0FDDFB2BABDAC400D4343A /* Debug */,
				9B0FDDFC2BABDAC400D4343A /* Release */,
			);
			defaultConfigurationIsVisible = 0;
			defaultConfigurationName = Release;
		};
		9B0FDDFD2BABDAC400D4343A /* Build configuration list for PBXNativeTarget "LandmarksTests" */ = {
			isa = XCConfigurationList;
			buildConfigurations = (
				9B0FDDFE2BABDAC400D4343A /* Debug */,
				9B0FDDFF2BABDAC400D4343A /* Release */,
			);
			defaultConfigurationIsVisible = 0;
			defaultConfigurationName = Release;
		};
		9B0FDE002BABDAC400D4343A /* Build configuration list for PBXNativeTarget "LandmarksUITests" */ = {
			isa = XCConfigurationList;
			buildConfigurations = (
				9B0FDE012BABDAC400D4343A /* Debug */,
				9B0FDE022BABDAC400D4343A /* Release */,
			);
			defaultConfigurationIsVisible = 0;
			defaultConfigurationName = Release;
		};
/* End XCConfigurationList section */
	};
	rootObject = 9B0FDDCE2BABDAC300D4343A /* Project object */;
}
